
Microsoft Visual Studio Solution File, Format Version 12.00
# Visual Studio Version 17
VisualStudioVersion = 17.4.33205.214
MinimumVisualStudioVersion = 10.0.40219.1
Project("{8BC9CEB8-8B4A-11D0-8D11-00A0C91BC942}") = "clippom", "clippom.vcxproj", "{3AF8E4A9-3734-4B80-98C5-246E6A868AB2}"
EndProject
Global
	GlobalSection(SolutionConfigurationPlatforms) = preSolution
		Debug|x64 = Debug|x64
		Debug|x86 = Debug|x86
		Release|x64 = Release|x64
		Release|x86 = Release|x86
	EndGlobalSection
	GlobalSection(ProjectConfigurationPlatforms) = postSolution
		{3AF8E4A9-3734-4B80-98C5-246E6A868AB2}.Debug|x64.ActiveCfg = Debug|x64
		{3AF8E4A9-3734-4B80-98C5-246E6A868AB2}.Debug|x64.Build.0 = Debug|x64
		{3AF8E4A9-3734-4B80-98C5-246E6A868AB2}.Debug|x86.ActiveCfg = Debug|Win32
		{3AF8E4A9-3734-4B80-98C5-246E6A868AB2}.Debug|x86.Build.0 = Debug|Win32
		{3AF8E4A9-3734-4B80-98C5-246E6A868AB2}.Release|x64.ActiveCfg = Release|x64
		{3AF8E4A9-3734-4B80-98C5-246E6A868AB2}.Release|x64.Build.0 = Release|x64
		{3AF8E4A9-3734-4B80-98C5-246E6A868AB2}.Release|x86.ActiveCfg = Release|Win32
		{3AF8E4A9-3734-4B80-98C5-246E6A868AB2}.Release|x86.Build.0 = Release|Win32
	EndGlobalSection
	GlobalSection(SolutionProperties) = preSolution
		HideSolutionNode = FALSE
	EndGlobalSection
	GlobalSection(ExtensibilityGlobals) = postSolution
		SolutionGuid = {757C9178-A7AD-44ED-A5E9-94DF231CC1D9}
	EndGlobalSection
EndGlobal
